{
    "version": 3,
    "terraform_version": "0.11.8",
    "serial": 5,
    "lineage": "51aaeb9c-3e44-40bf-f1d6-e3687c410833",
    "modules": [
        {
            "path": [
                "root"
            ],
            "outputs": {},
            "resources": {
                "aws_instance.web": {
                    "type": "aws_instance",
                    "depends_on": [],
                    "primary": {
                        "id": "i-02bb58a35e3305109",
                        "attributes": {
                            "ami": "ami-00f7c900d2e7133e1",
                            "arn": "arn:aws:ec2:us-west-2:924079311882:instance/i-02bb58a35e3305109",
                            "associate_public_ip_address": "true",
                            "availability_zone": "us-west-2b",
                            "cpu_core_count": "1",
                            "cpu_threads_per_core": "1",
                            "credit_specification.#": "1",
                            "credit_specification.0.cpu_credits": "standard",
                            "disable_api_termination": "false",
                            "ebs_block_device.#": "0",
                            "ebs_optimized": "false",
                            "ephemeral_block_device.#": "0",
                            "get_password_data": "false",
                            "iam_instance_profile": "",
                            "id": "i-02bb58a35e3305109",
                            "instance_state": "running",
                            "instance_type": "t2.micro",
                            "ipv6_addresses.#": "0",
                            "key_name": "chave",
                            "monitoring": "false",
                            "network_interface.#": "0",
                            "network_interface_id": "eni-02f810af4ea1cb5a2",
                            "password_data": "",
                            "placement_group": "",
                            "primary_network_interface_id": "eni-02f810af4ea1cb5a2",
                            "private_dns": "ip-172-31-21-205.us-west-2.compute.internal",
                            "private_ip": "172.31.21.205",
                            "public_dns": "ec2-54-212-46-1.us-west-2.compute.amazonaws.com",
                            "public_ip": "54.212.46.1",
                            "root_block_device.#": "1",
                            "root_block_device.0.delete_on_termination": "true",
                            "root_block_device.0.iops": "100",
                            "root_block_device.0.volume_id": "vol-022a72e3aa9c61e57",
                            "root_block_device.0.volume_size": "10",
                            "root_block_device.0.volume_type": "gp2",
                            "security_groups.#": "1",
                            "security_groups.3814588639": "default",
                            "source_dest_check": "true",
                            "subnet_id": "subnet-63b3ea1a",
                            "tags.%": "1",
                            "tags.Name": "Conductor-lab",
                            "tenancy": "default",
                            "volume_tags.%": "0",
                            "vpc_security_group_ids.#": "1",
                            "vpc_security_group_ids.3621850802": "sg-0c3e087e"
                        },
                        "meta": {
                            "e2bfb730-ecaa-11e6-8f88-34363bc7c4c0": {
                                "create": 600000000000,
                                "delete": 1200000000000,
                                "update": 600000000000
                            },
                            "schema_version": "1"
                        },
                        "tainted": false
                    },
                    "deposed": [],
                    "provider": "provider.aws"
                },
                "aws_security_group.security_group": {
                    "type": "aws_security_group",
                    "depends_on": [],
                    "primary": {
                        "id": "sg-027bee3db3fc2c219",
                        "attributes": {
                            "arn": "arn:aws:ec2:us-west-2:924079311882:security-group/sg-027bee3db3fc2c219",
                            "description": "Managed by Terraform",
                            "egress.#": "6",
                            "egress.1130407897.cidr_blocks.#": "1",
                            "egress.1130407897.cidr_blocks.0": "10.0.0.0/24",
                            "egress.1130407897.description": "",
                            "egress.1130407897.from_port": "53",
                            "egress.1130407897.ipv6_cidr_blocks.#": "0",
                            "egress.1130407897.prefix_list_ids.#": "0",
                            "egress.1130407897.protocol": "0",
                            "egress.1130407897.security_groups.#": "0",
                            "egress.1130407897.self": "false",
                            "egress.1130407897.to_port": "53",
                            "egress.1287891294.cidr_blocks.#": "1",
                            "egress.1287891294.cidr_blocks.0": "10.0.0.0/24",
                            "egress.1287891294.description": "",
                            "egress.1287891294.from_port": "80",
                            "egress.1287891294.ipv6_cidr_blocks.#": "0",
                            "egress.1287891294.prefix_list_ids.#": "0",
                            "egress.1287891294.protocol": "0",
                            "egress.1287891294.security_groups.#": "0",
                            "egress.1287891294.self": "false",
                            "egress.1287891294.to_port": "80",
                            "egress.1396619010.cidr_blocks.#": "1",
                            "egress.1396619010.cidr_blocks.0": "10.0.0.0/24",
                            "egress.1396619010.description": "",
                            "egress.1396619010.from_port": "443",
                            "egress.1396619010.ipv6_cidr_blocks.#": "0",
                            "egress.1396619010.prefix_list_ids.#": "0",
                            "egress.1396619010.protocol": "0",
                            "egress.1396619010.security_groups.#": "0",
                            "egress.1396619010.self": "false",
                            "egress.1396619010.to_port": "443",
                            "egress.1763657646.cidr_blocks.#": "1",
                            "egress.1763657646.cidr_blocks.0": "10.0.0.0/24",
                            "egress.1763657646.description": "",
                            "egress.1763657646.from_port": "8443",
                            "egress.1763657646.ipv6_cidr_blocks.#": "0",
                            "egress.1763657646.prefix_list_ids.#": "0",
                            "egress.1763657646.protocol": "0",
                            "egress.1763657646.security_groups.#": "0",
                            "egress.1763657646.self": "false",
                            "egress.1763657646.to_port": "8443",
                            "egress.17941583.cidr_blocks.#": "1",
                            "egress.17941583.cidr_blocks.0": "10.0.0.0/24",
                            "egress.17941583.description": "",
                            "egress.17941583.from_port": "10080",
                            "egress.17941583.ipv6_cidr_blocks.#": "0",
                            "egress.17941583.prefix_list_ids.#": "0",
                            "egress.17941583.protocol": "0",
                            "egress.17941583.security_groups.#": "0",
                            "egress.17941583.self": "false",
                            "egress.17941583.to_port": "10080",
                            "egress.2849378512.cidr_blocks.#": "1",
                            "egress.2849378512.cidr_blocks.0": "10.0.0.0/24",
                            "egress.2849378512.description": "",
                            "egress.2849378512.from_port": "10022",
                            "egress.2849378512.ipv6_cidr_blocks.#": "0",
                            "egress.2849378512.prefix_list_ids.#": "0",
                            "egress.2849378512.protocol": "0",
                            "egress.2849378512.security_groups.#": "0",
                            "egress.2849378512.self": "false",
                            "egress.2849378512.to_port": "10022",
                            "id": "sg-027bee3db3fc2c219",
                            "ingress.#": "8",
                            "ingress.1130407897.cidr_blocks.#": "1",
                            "ingress.1130407897.cidr_blocks.0": "10.0.0.0/24",
                            "ingress.1130407897.description": "",
                            "ingress.1130407897.from_port": "53",
                            "ingress.1130407897.ipv6_cidr_blocks.#": "0",
                            "ingress.1130407897.prefix_list_ids.#": "0",
                            "ingress.1130407897.protocol": "0",
                            "ingress.1130407897.security_groups.#": "0",
                            "ingress.1130407897.self": "false",
                            "ingress.1130407897.to_port": "53",
                            "ingress.1287891294.cidr_blocks.#": "1",
                            "ingress.1287891294.cidr_blocks.0": "10.0.0.0/24",
                            "ingress.1287891294.description": "",
                            "ingress.1287891294.from_port": "80",
                            "ingress.1287891294.ipv6_cidr_blocks.#": "0",
                            "ingress.1287891294.prefix_list_ids.#": "0",
                            "ingress.1287891294.protocol": "0",
                            "ingress.1287891294.security_groups.#": "0",
                            "ingress.1287891294.self": "false",
                            "ingress.1287891294.to_port": "80",
                            "ingress.1396619010.cidr_blocks.#": "1",
                            "ingress.1396619010.cidr_blocks.0": "10.0.0.0/24",
                            "ingress.1396619010.description": "",
                            "ingress.1396619010.from_port": "443",
                            "ingress.1396619010.ipv6_cidr_blocks.#": "0",
                            "ingress.1396619010.prefix_list_ids.#": "0",
                            "ingress.1396619010.protocol": "0",
                            "ingress.1396619010.security_groups.#": "0",
                            "ingress.1396619010.self": "false",
                            "ingress.1396619010.to_port": "443",
                            "ingress.1763657646.cidr_blocks.#": "1",
                            "ingress.1763657646.cidr_blocks.0": "10.0.0.0/24",
                            "ingress.1763657646.description": "",
                            "ingress.1763657646.from_port": "8443",
                            "ingress.1763657646.ipv6_cidr_blocks.#": "0",
                            "ingress.1763657646.prefix_list_ids.#": "0",
                            "ingress.1763657646.protocol": "0",
                            "ingress.1763657646.security_groups.#": "0",
                            "ingress.1763657646.self": "false",
                            "ingress.1763657646.to_port": "8443",
                            "ingress.17941583.cidr_blocks.#": "1",
                            "ingress.17941583.cidr_blocks.0": "10.0.0.0/24",
                            "ingress.17941583.description": "",
                            "ingress.17941583.from_port": "10080",
                            "ingress.17941583.ipv6_cidr_blocks.#": "0",
                            "ingress.17941583.prefix_list_ids.#": "0",
                            "ingress.17941583.protocol": "0",
                            "ingress.17941583.security_groups.#": "0",
                            "ingress.17941583.self": "false",
                            "ingress.17941583.to_port": "10080",
                            "ingress.2607482481.cidr_blocks.#": "1",
                            "ingress.2607482481.cidr_blocks.0": "10.0.0.0/24",
                            "ingress.2607482481.description": "",
                            "ingress.2607482481.from_port": "0",
                            "ingress.2607482481.ipv6_cidr_blocks.#": "0",
                            "ingress.2607482481.prefix_list_ids.#": "0",
                            "ingress.2607482481.protocol": "0",
                            "ingress.2607482481.security_groups.#": "0",
                            "ingress.2607482481.self": "false",
                            "ingress.2607482481.to_port": "65535",
                            "ingress.2849378512.cidr_blocks.#": "1",
                            "ingress.2849378512.cidr_blocks.0": "10.0.0.0/24",
                            "ingress.2849378512.description": "",
                            "ingress.2849378512.from_port": "10022",
                            "ingress.2849378512.ipv6_cidr_blocks.#": "0",
                            "ingress.2849378512.prefix_list_ids.#": "0",
                            "ingress.2849378512.protocol": "0",
                            "ingress.2849378512.security_groups.#": "0",
                            "ingress.2849378512.self": "false",
                            "ingress.2849378512.to_port": "10022",
                            "ingress.4191075115.cidr_blocks.#": "1",
                            "ingress.4191075115.cidr_blocks.0": "10.0.1.0/24",
                            "ingress.4191075115.description": "",
                            "ingress.4191075115.from_port": "22",
                            "ingress.4191075115.ipv6_cidr_blocks.#": "0",
                            "ingress.4191075115.prefix_list_ids.#": "0",
                            "ingress.4191075115.protocol": "0",
                            "ingress.4191075115.security_groups.#": "0",
                            "ingress.4191075115.self": "false",
                            "ingress.4191075115.to_port": "22",
                            "name": "terraform-20181026133152788100000001",
                            "owner_id": "924079311882",
                            "revoke_rules_on_delete": "false",
                            "tags.%": "0",
                            "vpc_id": "vpc-a57bb7dd"
                        },
                        "meta": {
                            "e2bfb730-ecaa-11e6-8f88-34363bc7c4c0": {
                                "create": 600000000000,
                                "delete": 600000000000
                            },
                            "schema_version": "1"
                        },
                        "tainted": false
                    },
                    "deposed": [],
                    "provider": "provider.aws"
                }
            },
            "depends_on": []
        }
    ]
}
